
Microsoft Visual Studio Solution File, Format Version 12.00
# Visual Studio Version 17
VisualStudioVersion = 17.10.35004.147
MinimumVisualStudioVersion = 10.0.40219.1
Project("{FAE04EC0-301F-11D3-BF4B-00C04F79EFBC}") = "4", "4\4.csproj", "{9117F11F-F993-4879-B8E3-1E90536BBE65}"
EndProject
Global
	GlobalSection(SolutionConfigurationPlatforms) = preSolution
		Debug|Any CPU = Debug|Any CPU
		Release|Any CPU = Release|Any CPU
	EndGlobalSection
	GlobalSection(ProjectConfigurationPlatforms) = postSolution
		{9117F11F-F993-4879-B8E3-1E90536BBE65}.Debug|Any CPU.ActiveCfg = Debug|Any CPU
		{9117F11F-F993-4879-B8E3-1E90536BBE65}.Debug|Any CPU.Build.0 = Debug|Any CPU
		{9117F11F-F993-4879-B8E3-1E90536BBE65}.Release|Any CPU.ActiveCfg = Release|Any CPU
		{9117F11F-F993-4879-B8E3-1E90536BBE65}.Release|Any CPU.Build.0 = Release|Any CPU
	EndGlobalSection
	GlobalSection(SolutionProperties) = preSolution
		HideSolutionNode = FALSE
	EndGlobalSection
	GlobalSection(ExtensibilityGlobals) = postSolution
		SolutionGuid = {8204B4CB-AD71-439C-9A77-F74C9CE6FCE6}
	EndGlobalSection
EndGlobal
